
Microsoft Visual Studio Solution File, Format Version 12.00
# Visual Studio Version 16
VisualStudioVersion = 16.0.34902.97
MinimumVisualStudioVersion = 10.0.40219.1
Project("{FAE04EC0-301F-11D3-BF4B-00C04F79EFBC}") = "21520094_LeTranAnhQui_BTTH5", "21520094_LeTranAnhQui_BTTH5\21520094_LeTranAnhQui_BTTH5.csproj", "{530DAA0C-E676-4C06-A4F0-F8C93F13BAF2}"
EndProject
Global
	GlobalSection(SolutionConfigurationPlatforms) = preSolution
		Debug|Any CPU = Debug|Any CPU
		Release|Any CPU = Release|Any CPU
	EndGlobalSection
	GlobalSection(ProjectConfigurationPlatforms) = postSolution
		{530DAA0C-E676-4C06-A4F0-F8C93F13BAF2}.Debug|Any CPU.ActiveCfg = Debug|Any CPU
		{530DAA0C-E676-4C06-A4F0-F8C93F13BAF2}.Debug|Any CPU.Build.0 = Debug|Any CPU
		{530DAA0C-E676-4C06-A4F0-F8C93F13BAF2}.Release|Any CPU.ActiveCfg = Release|Any CPU
		{530DAA0C-E676-4C06-A4F0-F8C93F13BAF2}.Release|Any CPU.Build.0 = Release|Any CPU
	EndGlobalSection
	GlobalSection(SolutionProperties) = preSolution
		HideSolutionNode = FALSE
	EndGlobalSection
	GlobalSection(ExtensibilityGlobals) = postSolution
		SolutionGuid = {5CC226D7-70D7-4DEE-8936-20DA12BFFF30}
	EndGlobalSection
EndGlobal
